
Microsoft Visual Studio Solution File, Format Version 12.00
# Visual Studio Version 16
VisualStudioVersion = 16.0.30717.126
MinimumVisualStudioVersion = 10.0.40219.1
Project("{FAE04EC0-301F-11D3-BF4B-00C04F79EFBC}") = "WpfApplication1", "WpfApplication1\WpfApplication1.csproj", "{50FD9E45-3EDC-4B40-BFF8-E063E2FE6E15}"
EndProject
Project("{FAE04EC0-301F-11D3-BF4B-00C04F79EFBC}") = "DataModel", "DataModel\DataModel.csproj", "{4AAE4024-22D4-4917-879F-587C9DA6A387}"
EndProject
Project("{FAE04EC0-301F-11D3-BF4B-00C04F79EFBC}") = "DataRepository", "DataRepository\DataRepository.csproj", "{46F523D5-6C02-448A-9037-D4E1D133F978}"
EndProject
Project("{2150E333-8FDC-42A3-9474-1A3956D46DE8}") = "Database", "Database", "{85ADD2B1-E1C2-45EA-AE2E-3610A5611207}"
EndProject
Project("{FAE04EC0-301F-11D3-BF4B-00C04F79EFBC}") = "DataRepository.Test", "DataRepository.Test\DataRepository.Test.csproj", "{265DAFB8-55B8-4BA1-B66C-6E57F4C3E5DC}"
EndProject
Project("{2150E333-8FDC-42A3-9474-1A3956D46DE8}") = "Geometry", "Geometry", "{7434C3C5-49B6-40D7-A904-F79B4A7DBFAE}"
EndProject
Project("{FAE04EC0-301F-11D3-BF4B-00C04F79EFBC}") = "GeometryModel", "Geometry\GeometryModel\GeometryModel.csproj", "{4F166DA1-AA06-4B20-9173-67F6C307E275}"
EndProject
Project("{FAE04EC0-301F-11D3-BF4B-00C04F79EFBC}") = "GeometryReader", "Geometry\GeometryReader\GeometryReader.csproj", "{CAEF645B-1DC8-44DC-A0C8-E4C3170ED7EC}"
EndProject
Project("{FAE04EC0-301F-11D3-BF4B-00C04F79EFBC}") = "GeometryReader.Test", "Geometry\GeometryReader.Test\GeometryReader.Test.csproj", "{04FBDB76-9E2B-44F0-B354-0A9350D9C95F}"
EndProject
Global
	GlobalSection(SolutionConfigurationPlatforms) = preSolution
		Debug|Any CPU = Debug|Any CPU
		Release|Any CPU = Release|Any CPU
	EndGlobalSection
	GlobalSection(ProjectConfigurationPlatforms) = postSolution
		{50FD9E45-3EDC-4B40-BFF8-E063E2FE6E15}.Debug|Any CPU.ActiveCfg = Debug|Any CPU
		{50FD9E45-3EDC-4B40-BFF8-E063E2FE6E15}.Debug|Any CPU.Build.0 = Debug|Any CPU
		{50FD9E45-3EDC-4B40-BFF8-E063E2FE6E15}.Release|Any CPU.ActiveCfg = Release|Any CPU
		{50FD9E45-3EDC-4B40-BFF8-E063E2FE6E15}.Release|Any CPU.Build.0 = Release|Any CPU
		{4AAE4024-22D4-4917-879F-587C9DA6A387}.Debug|Any CPU.ActiveCfg = Debug|Any CPU
		{4AAE4024-22D4-4917-879F-587C9DA6A387}.Debug|Any CPU.Build.0 = Debug|Any CPU
		{4AAE4024-22D4-4917-879F-587C9DA6A387}.Release|Any CPU.ActiveCfg = Release|Any CPU
		{4AAE4024-22D4-4917-879F-587C9DA6A387}.Release|Any CPU.Build.0 = Release|Any CPU
		{46F523D5-6C02-448A-9037-D4E1D133F978}.Debug|Any CPU.ActiveCfg = Debug|Any CPU
		{46F523D5-6C02-448A-9037-D4E1D133F978}.Debug|Any CPU.Build.0 = Debug|Any CPU
		{46F523D5-6C02-448A-9037-D4E1D133F978}.Release|Any CPU.ActiveCfg = Release|Any CPU
		{46F523D5-6C02-448A-9037-D4E1D133F978}.Release|Any CPU.Build.0 = Release|Any CPU
		{265DAFB8-55B8-4BA1-B66C-6E57F4C3E5DC}.Debug|Any CPU.ActiveCfg = Debug|Any CPU
		{265DAFB8-55B8-4BA1-B66C-6E57F4C3E5DC}.Debug|Any CPU.Build.0 = Debug|Any CPU
		{265DAFB8-55B8-4BA1-B66C-6E57F4C3E5DC}.Release|Any CPU.ActiveCfg = Release|Any CPU
		{265DAFB8-55B8-4BA1-B66C-6E57F4C3E5DC}.Release|Any CPU.Build.0 = Release|Any CPU
		{4F166DA1-AA06-4B20-9173-67F6C307E275}.Debug|Any CPU.ActiveCfg = Debug|Any CPU
		{4F166DA1-AA06-4B20-9173-67F6C307E275}.Debug|Any CPU.Build.0 = Debug|Any CPU
		{4F166DA1-AA06-4B20-9173-67F6C307E275}.Release|Any CPU.ActiveCfg = Release|Any CPU
		{4F166DA1-AA06-4B20-9173-67F6C307E275}.Release|Any CPU.Build.0 = Release|Any CPU
		{CAEF645B-1DC8-44DC-A0C8-E4C3170ED7EC}.Debug|Any CPU.ActiveCfg = Debug|Any CPU
		{CAEF645B-1DC8-44DC-A0C8-E4C3170ED7EC}.Debug|Any CPU.Build.0 = Debug|Any CPU
		{CAEF645B-1DC8-44DC-A0C8-E4C3170ED7EC}.Release|Any CPU.ActiveCfg = Release|Any CPU
		{CAEF645B-1DC8-44DC-A0C8-E4C3170ED7EC}.Release|Any CPU.Build.0 = Release|Any CPU
		{04FBDB76-9E2B-44F0-B354-0A9350D9C95F}.Debug|Any CPU.ActiveCfg = Debug|Any CPU
		{04FBDB76-9E2B-44F0-B354-0A9350D9C95F}.Debug|Any CPU.Build.0 = Debug|Any CPU
		{04FBDB76-9E2B-44F0-B354-0A9350D9C95F}.Release|Any CPU.ActiveCfg = Release|Any CPU
		{04FBDB76-9E2B-44F0-B354-0A9350D9C95F}.Release|Any CPU.Build.0 = Release|Any CPU
	EndGlobalSection
	GlobalSection(SolutionProperties) = preSolution
		HideSolutionNode = FALSE
	EndGlobalSection
	GlobalSection(NestedProjects) = preSolution
		{4AAE4024-22D4-4917-879F-587C9DA6A387} = {85ADD2B1-E1C2-45EA-AE2E-3610A5611207}
		{46F523D5-6C02-448A-9037-D4E1D133F978} = {85ADD2B1-E1C2-45EA-AE2E-3610A5611207}
		{265DAFB8-55B8-4BA1-B66C-6E57F4C3E5DC} = {85ADD2B1-E1C2-45EA-AE2E-3610A5611207}
		{4F166DA1-AA06-4B20-9173-67F6C307E275} = {7434C3C5-49B6-40D7-A904-F79B4A7DBFAE}
		{CAEF645B-1DC8-44DC-A0C8-E4C3170ED7EC} = {7434C3C5-49B6-40D7-A904-F79B4A7DBFAE}
		{04FBDB76-9E2B-44F0-B354-0A9350D9C95F} = {7434C3C5-49B6-40D7-A904-F79B4A7DBFAE}
	EndGlobalSection
	GlobalSection(ExtensibilityGlobals) = postSolution
		SolutionGuid = {9FFCCEBF-87CD-4743-9277-07A8E43D505E}
	EndGlobalSection
EndGlobal
