
Microsoft Visual Studio Solution File, Format Version 12.00
# Visual Studio Version 16
VisualStudioVersion = 16.0.30717.126
MinimumVisualStudioVersion = 10.0.40219.1
Project("{FAE04EC0-301F-11D3-BF4B-00C04F79EFBC}") = "WbEasyCalcRepository", "WbEasyCalc\WbEasyCalcRepository.csproj", "{9AE2BB62-74D4-449E-B531-505BA70FBA14}"
EndProject
Project("{FAE04EC0-301F-11D3-BF4B-00C04F79EFBC}") = "WbEasyCalcRepository.Test", "WbEasyCalc.Test\WbEasyCalcRepository.Test.csproj", "{C1736354-FD91-42BD-AB13-6B3E7AF36701}"
EndProject
Project("{FAE04EC0-301F-11D3-BF4B-00C04F79EFBC}") = "ExcelNpoi", "ExcelNpoi\ExcelNpoi.csproj", "{72312FB8-0EA0-4E29-8D99-EA9CF6C1CCCA}"
EndProject
Project("{FAE04EC0-301F-11D3-BF4B-00C04F79EFBC}") = "ExcelNpoi.Test", "ExcelNpoi.Test\ExcelNpoi.Test.csproj", "{D5EA8D42-A176-42D5-9400-E3A961D53BEF}"
EndProject
Project("{FAE04EC0-301F-11D3-BF4B-00C04F79EFBC}") = "DataModel", "DataModel\DataModel.csproj", "{84E205EB-B5E5-4E14-8F6B-BD3284D48E73}"
EndProject
Project("{FAE04EC0-301F-11D3-BF4B-00C04F79EFBC}") = "DataRepository", "DataRepository\DataRepository.csproj", "{BA9D1B4B-4F94-466A-B5E9-2B8D21D6E941}"
EndProject
Project("{FAE04EC0-301F-11D3-BF4B-00C04F79EFBC}") = "DataRepository.Test", "DataRepository.Test\DataRepository.Test.csproj", "{E5C78987-2119-4278-A55B-3393070FA634}"
EndProject
Project("{FAE04EC0-301F-11D3-BF4B-00C04F79EFBC}") = "WpfApplication1", "WpfApplication1\WpfApplication1.csproj", "{50FD9E45-3EDC-4B40-BFF8-E063E2FE6E15}"
EndProject
Project("{FAE04EC0-301F-11D3-BF4B-00C04F79EFBC}") = "GlobalRepository", "GlobalRepository\GlobalRepository.csproj", "{1CB5B95D-8662-475C-A11C-1B3C138FE649}"
EndProject
Project("{FAE04EC0-301F-11D3-BF4B-00C04F79EFBC}") = "Opc", "Opc\Opc.csproj", "{EC4AD061-40EA-4BFF-811E-FD01B81F3382}"
EndProject
Project("{FAE04EC0-301F-11D3-BF4B-00C04F79EFBC}") = "WbEasyCalcModel", "WbEasyCalcModel\WbEasyCalcModel.csproj", "{999CE3B3-3B81-4349-9BDE-7ECCADFA43FB}"
EndProject
Global
	GlobalSection(SolutionConfigurationPlatforms) = preSolution
		Debug|Any CPU = Debug|Any CPU
		Debug|ARM = Debug|ARM
		Debug|ARM64 = Debug|ARM64
		Debug|x64 = Debug|x64
		Debug|x86 = Debug|x86
		Release|Any CPU = Release|Any CPU
		Release|ARM = Release|ARM
		Release|ARM64 = Release|ARM64
		Release|x64 = Release|x64
		Release|x86 = Release|x86
	EndGlobalSection
	GlobalSection(ProjectConfigurationPlatforms) = postSolution
		{9AE2BB62-74D4-449E-B531-505BA70FBA14}.Debug|Any CPU.ActiveCfg = Debug|Any CPU
		{9AE2BB62-74D4-449E-B531-505BA70FBA14}.Debug|Any CPU.Build.0 = Debug|Any CPU
		{9AE2BB62-74D4-449E-B531-505BA70FBA14}.Debug|ARM.ActiveCfg = Debug|Any CPU
		{9AE2BB62-74D4-449E-B531-505BA70FBA14}.Debug|ARM.Build.0 = Debug|Any CPU
		{9AE2BB62-74D4-449E-B531-505BA70FBA14}.Debug|ARM64.ActiveCfg = Debug|Any CPU
		{9AE2BB62-74D4-449E-B531-505BA70FBA14}.Debug|ARM64.Build.0 = Debug|Any CPU
		{9AE2BB62-74D4-449E-B531-505BA70FBA14}.Debug|x64.ActiveCfg = Debug|Any CPU
		{9AE2BB62-74D4-449E-B531-505BA70FBA14}.Debug|x64.Build.0 = Debug|Any CPU
		{9AE2BB62-74D4-449E-B531-505BA70FBA14}.Debug|x86.ActiveCfg = Debug|Any CPU
		{9AE2BB62-74D4-449E-B531-505BA70FBA14}.Debug|x86.Build.0 = Debug|Any CPU
		{9AE2BB62-74D4-449E-B531-505BA70FBA14}.Release|Any CPU.ActiveCfg = Release|Any CPU
		{9AE2BB62-74D4-449E-B531-505BA70FBA14}.Release|Any CPU.Build.0 = Release|Any CPU
		{9AE2BB62-74D4-449E-B531-505BA70FBA14}.Release|ARM.ActiveCfg = Release|Any CPU
		{9AE2BB62-74D4-449E-B531-505BA70FBA14}.Release|ARM.Build.0 = Release|Any CPU
		{9AE2BB62-74D4-449E-B531-505BA70FBA14}.Release|ARM64.ActiveCfg = Release|Any CPU
		{9AE2BB62-74D4-449E-B531-505BA70FBA14}.Release|ARM64.Build.0 = Release|Any CPU
		{9AE2BB62-74D4-449E-B531-505BA70FBA14}.Release|x64.ActiveCfg = Release|Any CPU
		{9AE2BB62-74D4-449E-B531-505BA70FBA14}.Release|x64.Build.0 = Release|Any CPU
		{9AE2BB62-74D4-449E-B531-505BA70FBA14}.Release|x86.ActiveCfg = Release|Any CPU
		{9AE2BB62-74D4-449E-B531-505BA70FBA14}.Release|x86.Build.0 = Release|Any CPU
		{C1736354-FD91-42BD-AB13-6B3E7AF36701}.Debug|Any CPU.ActiveCfg = Debug|Any CPU
		{C1736354-FD91-42BD-AB13-6B3E7AF36701}.Debug|Any CPU.Build.0 = Debug|Any CPU
		{C1736354-FD91-42BD-AB13-6B3E7AF36701}.Debug|ARM.ActiveCfg = Debug|Any CPU
		{C1736354-FD91-42BD-AB13-6B3E7AF36701}.Debug|ARM.Build.0 = Debug|Any CPU
		{C1736354-FD91-42BD-AB13-6B3E7AF36701}.Debug|ARM64.ActiveCfg = Debug|Any CPU
		{C1736354-FD91-42BD-AB13-6B3E7AF36701}.Debug|ARM64.Build.0 = Debug|Any CPU
		{C1736354-FD91-42BD-AB13-6B3E7AF36701}.Debug|x64.ActiveCfg = Debug|Any CPU
		{C1736354-FD91-42BD-AB13-6B3E7AF36701}.Debug|x64.Build.0 = Debug|Any CPU
		{C1736354-FD91-42BD-AB13-6B3E7AF36701}.Debug|x86.ActiveCfg = Debug|Any CPU
		{C1736354-FD91-42BD-AB13-6B3E7AF36701}.Debug|x86.Build.0 = Debug|Any CPU
		{C1736354-FD91-42BD-AB13-6B3E7AF36701}.Release|Any CPU.ActiveCfg = Release|Any CPU
		{C1736354-FD91-42BD-AB13-6B3E7AF36701}.Release|Any CPU.Build.0 = Release|Any CPU
		{C1736354-FD91-42BD-AB13-6B3E7AF36701}.Release|ARM.ActiveCfg = Release|Any CPU
		{C1736354-FD91-42BD-AB13-6B3E7AF36701}.Release|ARM.Build.0 = Release|Any CPU
		{C1736354-FD91-42BD-AB13-6B3E7AF36701}.Release|ARM64.ActiveCfg = Release|Any CPU
		{C1736354-FD91-42BD-AB13-6B3E7AF36701}.Release|ARM64.Build.0 = Release|Any CPU
		{C1736354-FD91-42BD-AB13-6B3E7AF36701}.Release|x64.ActiveCfg = Release|Any CPU
		{C1736354-FD91-42BD-AB13-6B3E7AF36701}.Release|x64.Build.0 = Release|Any CPU
		{C1736354-FD91-42BD-AB13-6B3E7AF36701}.Release|x86.ActiveCfg = Release|Any CPU
		{C1736354-FD91-42BD-AB13-6B3E7AF36701}.Release|x86.Build.0 = Release|Any CPU
		{72312FB8-0EA0-4E29-8D99-EA9CF6C1CCCA}.Debug|Any CPU.ActiveCfg = Debug|Any CPU
		{72312FB8-0EA0-4E29-8D99-EA9CF6C1CCCA}.Debug|Any CPU.Build.0 = Debug|Any CPU
		{72312FB8-0EA0-4E29-8D99-EA9CF6C1CCCA}.Debug|ARM.ActiveCfg = Debug|Any CPU
		{72312FB8-0EA0-4E29-8D99-EA9CF6C1CCCA}.Debug|ARM.Build.0 = Debug|Any CPU
		{72312FB8-0EA0-4E29-8D99-EA9CF6C1CCCA}.Debug|ARM64.ActiveCfg = Debug|Any CPU
		{72312FB8-0EA0-4E29-8D99-EA9CF6C1CCCA}.Debug|ARM64.Build.0 = Debug|Any CPU
		{72312FB8-0EA0-4E29-8D99-EA9CF6C1CCCA}.Debug|x64.ActiveCfg = Debug|Any CPU
		{72312FB8-0EA0-4E29-8D99-EA9CF6C1CCCA}.Debug|x64.Build.0 = Debug|Any CPU
		{72312FB8-0EA0-4E29-8D99-EA9CF6C1CCCA}.Debug|x86.ActiveCfg = Debug|Any CPU
		{72312FB8-0EA0-4E29-8D99-EA9CF6C1CCCA}.Debug|x86.Build.0 = Debug|Any CPU
		{72312FB8-0EA0-4E29-8D99-EA9CF6C1CCCA}.Release|Any CPU.ActiveCfg = Release|Any CPU
		{72312FB8-0EA0-4E29-8D99-EA9CF6C1CCCA}.Release|Any CPU.Build.0 = Release|Any CPU
		{72312FB8-0EA0-4E29-8D99-EA9CF6C1CCCA}.Release|ARM.ActiveCfg = Release|Any CPU
		{72312FB8-0EA0-4E29-8D99-EA9CF6C1CCCA}.Release|ARM.Build.0 = Release|Any CPU
		{72312FB8-0EA0-4E29-8D99-EA9CF6C1CCCA}.Release|ARM64.ActiveCfg = Release|Any CPU
		{72312FB8-0EA0-4E29-8D99-EA9CF6C1CCCA}.Release|ARM64.Build.0 = Release|Any CPU
		{72312FB8-0EA0-4E29-8D99-EA9CF6C1CCCA}.Release|x64.ActiveCfg = Release|Any CPU
		{72312FB8-0EA0-4E29-8D99-EA9CF6C1CCCA}.Release|x64.Build.0 = Release|Any CPU
		{72312FB8-0EA0-4E29-8D99-EA9CF6C1CCCA}.Release|x86.ActiveCfg = Release|Any CPU
		{72312FB8-0EA0-4E29-8D99-EA9CF6C1CCCA}.Release|x86.Build.0 = Release|Any CPU
		{D5EA8D42-A176-42D5-9400-E3A961D53BEF}.Debug|Any CPU.ActiveCfg = Debug|Any CPU
		{D5EA8D42-A176-42D5-9400-E3A961D53BEF}.Debug|Any CPU.Build.0 = Debug|Any CPU
		{D5EA8D42-A176-42D5-9400-E3A961D53BEF}.Debug|ARM.ActiveCfg = Debug|Any CPU
		{D5EA8D42-A176-42D5-9400-E3A961D53BEF}.Debug|ARM.Build.0 = Debug|Any CPU
		{D5EA8D42-A176-42D5-9400-E3A961D53BEF}.Debug|ARM64.ActiveCfg = Debug|Any CPU
		{D5EA8D42-A176-42D5-9400-E3A961D53BEF}.Debug|ARM64.Build.0 = Debug|Any CPU
		{D5EA8D42-A176-42D5-9400-E3A961D53BEF}.Debug|x64.ActiveCfg = Debug|Any CPU
		{D5EA8D42-A176-42D5-9400-E3A961D53BEF}.Debug|x64.Build.0 = Debug|Any CPU
		{D5EA8D42-A176-42D5-9400-E3A961D53BEF}.Debug|x86.ActiveCfg = Debug|Any CPU
		{D5EA8D42-A176-42D5-9400-E3A961D53BEF}.Debug|x86.Build.0 = Debug|Any CPU
		{D5EA8D42-A176-42D5-9400-E3A961D53BEF}.Release|Any CPU.ActiveCfg = Release|Any CPU
		{D5EA8D42-A176-42D5-9400-E3A961D53BEF}.Release|Any CPU.Build.0 = Release|Any CPU
		{D5EA8D42-A176-42D5-9400-E3A961D53BEF}.Release|ARM.ActiveCfg = Release|Any CPU
		{D5EA8D42-A176-42D5-9400-E3A961D53BEF}.Release|ARM.Build.0 = Release|Any CPU
		{D5EA8D42-A176-42D5-9400-E3A961D53BEF}.Release|ARM64.ActiveCfg = Release|Any CPU
		{D5EA8D42-A176-42D5-9400-E3A961D53BEF}.Release|ARM64.Build.0 = Release|Any CPU
		{D5EA8D42-A176-42D5-9400-E3A961D53BEF}.Release|x64.ActiveCfg = Release|Any CPU
		{D5EA8D42-A176-42D5-9400-E3A961D53BEF}.Release|x64.Build.0 = Release|Any CPU
		{D5EA8D42-A176-42D5-9400-E3A961D53BEF}.Release|x86.ActiveCfg = Release|Any CPU
		{D5EA8D42-A176-42D5-9400-E3A961D53BEF}.Release|x86.Build.0 = Release|Any CPU
		{84E205EB-B5E5-4E14-8F6B-BD3284D48E73}.Debug|Any CPU.ActiveCfg = Debug|Any CPU
		{84E205EB-B5E5-4E14-8F6B-BD3284D48E73}.Debug|Any CPU.Build.0 = Debug|Any CPU
		{84E205EB-B5E5-4E14-8F6B-BD3284D48E73}.Debug|ARM.ActiveCfg = Debug|Any CPU
		{84E205EB-B5E5-4E14-8F6B-BD3284D48E73}.Debug|ARM.Build.0 = Debug|Any CPU
		{84E205EB-B5E5-4E14-8F6B-BD3284D48E73}.Debug|ARM64.ActiveCfg = Debug|Any CPU
		{84E205EB-B5E5-4E14-8F6B-BD3284D48E73}.Debug|ARM64.Build.0 = Debug|Any CPU
		{84E205EB-B5E5-4E14-8F6B-BD3284D48E73}.Debug|x64.ActiveCfg = Debug|Any CPU
		{84E205EB-B5E5-4E14-8F6B-BD3284D48E73}.Debug|x64.Build.0 = Debug|Any CPU
		{84E205EB-B5E5-4E14-8F6B-BD3284D48E73}.Debug|x86.ActiveCfg = Debug|Any CPU
		{84E205EB-B5E5-4E14-8F6B-BD3284D48E73}.Debug|x86.Build.0 = Debug|Any CPU
		{84E205EB-B5E5-4E14-8F6B-BD3284D48E73}.Release|Any CPU.ActiveCfg = Release|Any CPU
		{84E205EB-B5E5-4E14-8F6B-BD3284D48E73}.Release|Any CPU.Build.0 = Release|Any CPU
		{84E205EB-B5E5-4E14-8F6B-BD3284D48E73}.Release|ARM.ActiveCfg = Release|Any CPU
		{84E205EB-B5E5-4E14-8F6B-BD3284D48E73}.Release|ARM.Build.0 = Release|Any CPU
		{84E205EB-B5E5-4E14-8F6B-BD3284D48E73}.Release|ARM64.ActiveCfg = Release|Any CPU
		{84E205EB-B5E5-4E14-8F6B-BD3284D48E73}.Release|ARM64.Build.0 = Release|Any CPU
		{84E205EB-B5E5-4E14-8F6B-BD3284D48E73}.Release|x64.ActiveCfg = Release|Any CPU
		{84E205EB-B5E5-4E14-8F6B-BD3284D48E73}.Release|x64.Build.0 = Release|Any CPU
		{84E205EB-B5E5-4E14-8F6B-BD3284D48E73}.Release|x86.ActiveCfg = Release|Any CPU
		{84E205EB-B5E5-4E14-8F6B-BD3284D48E73}.Release|x86.Build.0 = Release|Any CPU
		{BA9D1B4B-4F94-466A-B5E9-2B8D21D6E941}.Debug|Any CPU.ActiveCfg = Debug|Any CPU
		{BA9D1B4B-4F94-466A-B5E9-2B8D21D6E941}.Debug|Any CPU.Build.0 = Debug|Any CPU
		{BA9D1B4B-4F94-466A-B5E9-2B8D21D6E941}.Debug|ARM.ActiveCfg = Debug|Any CPU
		{BA9D1B4B-4F94-466A-B5E9-2B8D21D6E941}.Debug|ARM.Build.0 = Debug|Any CPU
		{BA9D1B4B-4F94-466A-B5E9-2B8D21D6E941}.Debug|ARM64.ActiveCfg = Debug|Any CPU
		{BA9D1B4B-4F94-466A-B5E9-2B8D21D6E941}.Debug|ARM64.Build.0 = Debug|Any CPU
		{BA9D1B4B-4F94-466A-B5E9-2B8D21D6E941}.Debug|x64.ActiveCfg = Debug|Any CPU
		{BA9D1B4B-4F94-466A-B5E9-2B8D21D6E941}.Debug|x64.Build.0 = Debug|Any CPU
		{BA9D1B4B-4F94-466A-B5E9-2B8D21D6E941}.Debug|x86.ActiveCfg = Debug|Any CPU
		{BA9D1B4B-4F94-466A-B5E9-2B8D21D6E941}.Debug|x86.Build.0 = Debug|Any CPU
		{BA9D1B4B-4F94-466A-B5E9-2B8D21D6E941}.Release|Any CPU.ActiveCfg = Release|Any CPU
		{BA9D1B4B-4F94-466A-B5E9-2B8D21D6E941}.Release|Any CPU.Build.0 = Release|Any CPU
		{BA9D1B4B-4F94-466A-B5E9-2B8D21D6E941}.Release|ARM.ActiveCfg = Release|Any CPU
		{BA9D1B4B-4F94-466A-B5E9-2B8D21D6E941}.Release|ARM.Build.0 = Release|Any CPU
		{BA9D1B4B-4F94-466A-B5E9-2B8D21D6E941}.Release|ARM64.ActiveCfg = Release|Any CPU
		{BA9D1B4B-4F94-466A-B5E9-2B8D21D6E941}.Release|ARM64.Build.0 = Release|Any CPU
		{BA9D1B4B-4F94-466A-B5E9-2B8D21D6E941}.Release|x64.ActiveCfg = Release|Any CPU
		{BA9D1B4B-4F94-466A-B5E9-2B8D21D6E941}.Release|x64.Build.0 = Release|Any CPU
		{BA9D1B4B-4F94-466A-B5E9-2B8D21D6E941}.Release|x86.ActiveCfg = Release|Any CPU
		{BA9D1B4B-4F94-466A-B5E9-2B8D21D6E941}.Release|x86.Build.0 = Release|Any CPU
		{E5C78987-2119-4278-A55B-3393070FA634}.Debug|Any CPU.ActiveCfg = Debug|Any CPU
		{E5C78987-2119-4278-A55B-3393070FA634}.Debug|Any CPU.Build.0 = Debug|Any CPU
		{E5C78987-2119-4278-A55B-3393070FA634}.Debug|ARM.ActiveCfg = Debug|Any CPU
		{E5C78987-2119-4278-A55B-3393070FA634}.Debug|ARM.Build.0 = Debug|Any CPU
		{E5C78987-2119-4278-A55B-3393070FA634}.Debug|ARM64.ActiveCfg = Debug|Any CPU
		{E5C78987-2119-4278-A55B-3393070FA634}.Debug|ARM64.Build.0 = Debug|Any CPU
		{E5C78987-2119-4278-A55B-3393070FA634}.Debug|x64.ActiveCfg = Debug|Any CPU
		{E5C78987-2119-4278-A55B-3393070FA634}.Debug|x64.Build.0 = Debug|Any CPU
		{E5C78987-2119-4278-A55B-3393070FA634}.Debug|x86.ActiveCfg = Debug|Any CPU
		{E5C78987-2119-4278-A55B-3393070FA634}.Debug|x86.Build.0 = Debug|Any CPU
		{E5C78987-2119-4278-A55B-3393070FA634}.Release|Any CPU.ActiveCfg = Release|Any CPU
		{E5C78987-2119-4278-A55B-3393070FA634}.Release|Any CPU.Build.0 = Release|Any CPU
		{E5C78987-2119-4278-A55B-3393070FA634}.Release|ARM.ActiveCfg = Release|Any CPU
		{E5C78987-2119-4278-A55B-3393070FA634}.Release|ARM.Build.0 = Release|Any CPU
		{E5C78987-2119-4278-A55B-3393070FA634}.Release|ARM64.ActiveCfg = Release|Any CPU
		{E5C78987-2119-4278-A55B-3393070FA634}.Release|ARM64.Build.0 = Release|Any CPU
		{E5C78987-2119-4278-A55B-3393070FA634}.Release|x64.ActiveCfg = Release|Any CPU
		{E5C78987-2119-4278-A55B-3393070FA634}.Release|x64.Build.0 = Release|Any CPU
		{E5C78987-2119-4278-A55B-3393070FA634}.Release|x86.ActiveCfg = Release|Any CPU
		{E5C78987-2119-4278-A55B-3393070FA634}.Release|x86.Build.0 = Release|Any CPU
		{50FD9E45-3EDC-4B40-BFF8-E063E2FE6E15}.Debug|Any CPU.ActiveCfg = Debug|Any CPU
		{50FD9E45-3EDC-4B40-BFF8-E063E2FE6E15}.Debug|Any CPU.Build.0 = Debug|Any CPU
		{50FD9E45-3EDC-4B40-BFF8-E063E2FE6E15}.Debug|ARM.ActiveCfg = Debug|Any CPU
		{50FD9E45-3EDC-4B40-BFF8-E063E2FE6E15}.Debug|ARM.Build.0 = Debug|Any CPU
		{50FD9E45-3EDC-4B40-BFF8-E063E2FE6E15}.Debug|ARM64.ActiveCfg = Debug|Any CPU
		{50FD9E45-3EDC-4B40-BFF8-E063E2FE6E15}.Debug|ARM64.Build.0 = Debug|Any CPU
		{50FD9E45-3EDC-4B40-BFF8-E063E2FE6E15}.Debug|x64.ActiveCfg = Debug|Any CPU
		{50FD9E45-3EDC-4B40-BFF8-E063E2FE6E15}.Debug|x64.Build.0 = Debug|Any CPU
		{50FD9E45-3EDC-4B40-BFF8-E063E2FE6E15}.Debug|x86.ActiveCfg = Debug|Any CPU
		{50FD9E45-3EDC-4B40-BFF8-E063E2FE6E15}.Debug|x86.Build.0 = Debug|Any CPU
		{50FD9E45-3EDC-4B40-BFF8-E063E2FE6E15}.Release|Any CPU.ActiveCfg = Release|Any CPU
		{50FD9E45-3EDC-4B40-BFF8-E063E2FE6E15}.Release|Any CPU.Build.0 = Release|Any CPU
		{50FD9E45-3EDC-4B40-BFF8-E063E2FE6E15}.Release|ARM.ActiveCfg = Release|Any CPU
		{50FD9E45-3EDC-4B40-BFF8-E063E2FE6E15}.Release|ARM.Build.0 = Release|Any CPU
		{50FD9E45-3EDC-4B40-BFF8-E063E2FE6E15}.Release|ARM64.ActiveCfg = Release|Any CPU
		{50FD9E45-3EDC-4B40-BFF8-E063E2FE6E15}.Release|ARM64.Build.0 = Release|Any CPU
		{50FD9E45-3EDC-4B40-BFF8-E063E2FE6E15}.Release|x64.ActiveCfg = Release|Any CPU
		{50FD9E45-3EDC-4B40-BFF8-E063E2FE6E15}.Release|x64.Build.0 = Release|Any CPU
		{50FD9E45-3EDC-4B40-BFF8-E063E2FE6E15}.Release|x86.ActiveCfg = Release|Any CPU
		{50FD9E45-3EDC-4B40-BFF8-E063E2FE6E15}.Release|x86.Build.0 = Release|Any CPU
		{1CB5B95D-8662-475C-A11C-1B3C138FE649}.Debug|Any CPU.ActiveCfg = Debug|Any CPU
		{1CB5B95D-8662-475C-A11C-1B3C138FE649}.Debug|Any CPU.Build.0 = Debug|Any CPU
		{1CB5B95D-8662-475C-A11C-1B3C138FE649}.Debug|ARM.ActiveCfg = Debug|Any CPU
		{1CB5B95D-8662-475C-A11C-1B3C138FE649}.Debug|ARM.Build.0 = Debug|Any CPU
		{1CB5B95D-8662-475C-A11C-1B3C138FE649}.Debug|ARM64.ActiveCfg = Debug|Any CPU
		{1CB5B95D-8662-475C-A11C-1B3C138FE649}.Debug|ARM64.Build.0 = Debug|Any CPU
		{1CB5B95D-8662-475C-A11C-1B3C138FE649}.Debug|x64.ActiveCfg = Debug|Any CPU
		{1CB5B95D-8662-475C-A11C-1B3C138FE649}.Debug|x64.Build.0 = Debug|Any CPU
		{1CB5B95D-8662-475C-A11C-1B3C138FE649}.Debug|x86.ActiveCfg = Debug|Any CPU
		{1CB5B95D-8662-475C-A11C-1B3C138FE649}.Debug|x86.Build.0 = Debug|Any CPU
		{1CB5B95D-8662-475C-A11C-1B3C138FE649}.Release|Any CPU.ActiveCfg = Release|Any CPU
		{1CB5B95D-8662-475C-A11C-1B3C138FE649}.Release|Any CPU.Build.0 = Release|Any CPU
		{1CB5B95D-8662-475C-A11C-1B3C138FE649}.Release|ARM.ActiveCfg = Release|Any CPU
		{1CB5B95D-8662-475C-A11C-1B3C138FE649}.Release|ARM.Build.0 = Release|Any CPU
		{1CB5B95D-8662-475C-A11C-1B3C138FE649}.Release|ARM64.ActiveCfg = Release|Any CPU
		{1CB5B95D-8662-475C-A11C-1B3C138FE649}.Release|ARM64.Build.0 = Release|Any CPU
		{1CB5B95D-8662-475C-A11C-1B3C138FE649}.Release|x64.ActiveCfg = Release|Any CPU
		{1CB5B95D-8662-475C-A11C-1B3C138FE649}.Release|x64.Build.0 = Release|Any CPU
		{1CB5B95D-8662-475C-A11C-1B3C138FE649}.Release|x86.ActiveCfg = Release|Any CPU
		{1CB5B95D-8662-475C-A11C-1B3C138FE649}.Release|x86.Build.0 = Release|Any CPU
		{EC4AD061-40EA-4BFF-811E-FD01B81F3382}.Debug|Any CPU.ActiveCfg = Debug|Any CPU
		{EC4AD061-40EA-4BFF-811E-FD01B81F3382}.Debug|Any CPU.Build.0 = Debug|Any CPU
		{EC4AD061-40EA-4BFF-811E-FD01B81F3382}.Debug|ARM.ActiveCfg = Debug|Any CPU
		{EC4AD061-40EA-4BFF-811E-FD01B81F3382}.Debug|ARM.Build.0 = Debug|Any CPU
		{EC4AD061-40EA-4BFF-811E-FD01B81F3382}.Debug|ARM64.ActiveCfg = Debug|Any CPU
		{EC4AD061-40EA-4BFF-811E-FD01B81F3382}.Debug|ARM64.Build.0 = Debug|Any CPU
		{EC4AD061-40EA-4BFF-811E-FD01B81F3382}.Debug|x64.ActiveCfg = Debug|Any CPU
		{EC4AD061-40EA-4BFF-811E-FD01B81F3382}.Debug|x64.Build.0 = Debug|Any CPU
		{EC4AD061-40EA-4BFF-811E-FD01B81F3382}.Debug|x86.ActiveCfg = Debug|Any CPU
		{EC4AD061-40EA-4BFF-811E-FD01B81F3382}.Debug|x86.Build.0 = Debug|Any CPU
		{EC4AD061-40EA-4BFF-811E-FD01B81F3382}.Release|Any CPU.ActiveCfg = Release|Any CPU
		{EC4AD061-40EA-4BFF-811E-FD01B81F3382}.Release|Any CPU.Build.0 = Release|Any CPU
		{EC4AD061-40EA-4BFF-811E-FD01B81F3382}.Release|ARM.ActiveCfg = Release|Any CPU
		{EC4AD061-40EA-4BFF-811E-FD01B81F3382}.Release|ARM.Build.0 = Release|Any CPU
		{EC4AD061-40EA-4BFF-811E-FD01B81F3382}.Release|ARM64.ActiveCfg = Release|Any CPU
		{EC4AD061-40EA-4BFF-811E-FD01B81F3382}.Release|ARM64.Build.0 = Release|Any CPU
		{EC4AD061-40EA-4BFF-811E-FD01B81F3382}.Release|x64.ActiveCfg = Release|Any CPU
		{EC4AD061-40EA-4BFF-811E-FD01B81F3382}.Release|x64.Build.0 = Release|Any CPU
		{EC4AD061-40EA-4BFF-811E-FD01B81F3382}.Release|x86.ActiveCfg = Release|Any CPU
		{EC4AD061-40EA-4BFF-811E-FD01B81F3382}.Release|x86.Build.0 = Release|Any CPU
		{999CE3B3-3B81-4349-9BDE-7ECCADFA43FB}.Debug|Any CPU.ActiveCfg = Debug|Any CPU
		{999CE3B3-3B81-4349-9BDE-7ECCADFA43FB}.Debug|Any CPU.Build.0 = Debug|Any CPU
		{999CE3B3-3B81-4349-9BDE-7ECCADFA43FB}.Debug|ARM.ActiveCfg = Debug|Any CPU
		{999CE3B3-3B81-4349-9BDE-7ECCADFA43FB}.Debug|ARM.Build.0 = Debug|Any CPU
		{999CE3B3-3B81-4349-9BDE-7ECCADFA43FB}.Debug|ARM64.ActiveCfg = Debug|Any CPU
		{999CE3B3-3B81-4349-9BDE-7ECCADFA43FB}.Debug|ARM64.Build.0 = Debug|Any CPU
		{999CE3B3-3B81-4349-9BDE-7ECCADFA43FB}.Debug|x64.ActiveCfg = Debug|Any CPU
		{999CE3B3-3B81-4349-9BDE-7ECCADFA43FB}.Debug|x64.Build.0 = Debug|Any CPU
		{999CE3B3-3B81-4349-9BDE-7ECCADFA43FB}.Debug|x86.ActiveCfg = Debug|Any CPU
		{999CE3B3-3B81-4349-9BDE-7ECCADFA43FB}.Debug|x86.Build.0 = Debug|Any CPU
		{999CE3B3-3B81-4349-9BDE-7ECCADFA43FB}.Release|Any CPU.ActiveCfg = Release|Any CPU
		{999CE3B3-3B81-4349-9BDE-7ECCADFA43FB}.Release|Any CPU.Build.0 = Release|Any CPU
		{999CE3B3-3B81-4349-9BDE-7ECCADFA43FB}.Release|ARM.ActiveCfg = Release|Any CPU
		{999CE3B3-3B81-4349-9BDE-7ECCADFA43FB}.Release|ARM.Build.0 = Release|Any CPU
		{999CE3B3-3B81-4349-9BDE-7ECCADFA43FB}.Release|ARM64.ActiveCfg = Release|Any CPU
		{999CE3B3-3B81-4349-9BDE-7ECCADFA43FB}.Release|ARM64.Build.0 = Release|Any CPU
		{999CE3B3-3B81-4349-9BDE-7ECCADFA43FB}.Release|x64.ActiveCfg = Release|Any CPU
		{999CE3B3-3B81-4349-9BDE-7ECCADFA43FB}.Release|x64.Build.0 = Release|Any CPU
		{999CE3B3-3B81-4349-9BDE-7ECCADFA43FB}.Release|x86.ActiveCfg = Release|Any CPU
		{999CE3B3-3B81-4349-9BDE-7ECCADFA43FB}.Release|x86.Build.0 = Release|Any CPU
	EndGlobalSection
	GlobalSection(SolutionProperties) = preSolution
		HideSolutionNode = FALSE
	EndGlobalSection
	GlobalSection(ExtensibilityGlobals) = postSolution
		SolutionGuid = {AE632784-FEAA-40B3-ABD4-FC72B15E51EB}
	EndGlobalSection
EndGlobal
